PODS:
  - Alamofire (5.4.1)
  - CocoaLumberjack (3.7.0):
    - CocoaLumberjack/Core (= 3.7.0)
  - CocoaLumberjack/Core (3.7.0)
  - Realm (10.5.1):
    - Realm/Headers (= 10.5.1)
  - Realm/Headers (10.5.1)
  - RealmSwift (10.5.1):
    - Realm (= 10.5.1)
  - SVGKit (2.1.1):
    - CocoaLumberjack (~> 3.0)

DEPENDENCIES:
  - Alamofire
  - RealmSwift
  - SVGKit

SPEC REPOS:
  trunk:
    - Alamofire
    - CocoaLumberjack
    - Realm
    - RealmSwift
    - SVGKit

SPEC CHECKSUMS:
  Alamofire: 2291f7d21ca607c491dd17642e5d40fdcda0e65c
  CocoaLumberjack: e8955b9d337ac307103b0a34fd141c32f27e53c5
  Realm: 77fcb4e0b9f2963ea06f584749a0d7dc9cab95e1
  RealmSwift: 6abe6aa6cd8b70cc1a87afcb9232cabea74ff1ac
  SVGKit: 652cdf7bef8bec8564d04a8511d3ab50c7595fac

PODFILE CHECKSUM: 3bff1bfe12cd6b6aa2e6fc4c2f9cb2eefb88d351

COCOAPODS: 1.10.1
